
Microsoft Visual Studio Solution File, Format Version 12.00
# Visual Studio Version 17
VisualStudioVersion = 17.9.34701.34
MinimumVisualStudioVersion = 10.0.40219.1
Project("{2150E333-8FDC-42A3-9474-1A3956D46DE8}") = "Services", "Services", "{CC189B92-89D7-46D0-BFB9-6CE551A4C9FD}"
EndProject
Project("{2150E333-8FDC-42A3-9474-1A3956D46DE8}") = "Catalog", "Catalog", "{1C07E1B8-55D7-4B57-A482-45135D510A2D}"
EndProject
Project("{FAE04EC0-301F-11D3-BF4B-00C04F79EFBC}") = "MultiShop.Catalog", "Services\Catalog\MultiShop.Catalog\MultiShop.Catalog.csproj", "{74B1E141-E23E-43D9-B2ED-52D0CD16CCC0}"
EndProject
Global
	GlobalSection(SolutionConfigurationPlatforms) = preSolution
		Debug|Any CPU = Debug|Any CPU
		Release|Any CPU = Release|Any CPU
	EndGlobalSection
	GlobalSection(ProjectConfigurationPlatforms) = postSolution
		{74B1E141-E23E-43D9-B2ED-52D0CD16CCC0}.Debug|Any CPU.ActiveCfg = Debug|Any CPU
		{74B1E141-E23E-43D9-B2ED-52D0CD16CCC0}.Debug|Any CPU.Build.0 = Debug|Any CPU
		{74B1E141-E23E-43D9-B2ED-52D0CD16CCC0}.Release|Any CPU.ActiveCfg = Release|Any CPU
		{74B1E141-E23E-43D9-B2ED-52D0CD16CCC0}.Release|Any CPU.Build.0 = Release|Any CPU
	EndGlobalSection
	GlobalSection(SolutionProperties) = preSolution
		HideSolutionNode = FALSE
	EndGlobalSection
	GlobalSection(NestedProjects) = preSolution
		{1C07E1B8-55D7-4B57-A482-45135D510A2D} = {CC189B92-89D7-46D0-BFB9-6CE551A4C9FD}
		{74B1E141-E23E-43D9-B2ED-52D0CD16CCC0} = {1C07E1B8-55D7-4B57-A482-45135D510A2D}
	EndGlobalSection
	GlobalSection(ExtensibilityGlobals) = postSolution
		SolutionGuid = {0859360E-C7B5-4AAD-98FF-4A6D5CAAA26B}
	EndGlobalSection
EndGlobal
