
Microsoft Visual Studio Solution File, Format Version 12.00
# Visual Studio Version 17
VisualStudioVersion = 17.9.34701.34
MinimumVisualStudioVersion = 10.0.40219.1
Project("{2150E333-8FDC-42A3-9474-1A3956D46DE8}") = "Services", "Services", "{CC189B92-89D7-46D0-BFB9-6CE551A4C9FD}"
EndProject
Project("{2150E333-8FDC-42A3-9474-1A3956D46DE8}") = "Catalog", "Catalog", "{1C07E1B8-55D7-4B57-A482-45135D510A2D}"
EndProject
Project("{9A19103F-16F7-4668-BE54-9A1E7A4F7556}") = "MultiShop.Catalog", "Services\Catalog\MultiShop.Catalog\MultiShop.Catalog.csproj", "{74B1E141-E23E-43D9-B2ED-52D0CD16CCC0}"
EndProject
Project("{2150E333-8FDC-42A3-9474-1A3956D46DE8}") = "Discount", "Discount", "{E8AE62D4-B305-4AE0-B7EA-ECCC50FA8B79}"
EndProject
Project("{9A19103F-16F7-4668-BE54-9A1E7A4F7556}") = "MultiShop.Discount", "Services\Discount\MultiShop.Discount\MultiShop.Discount.csproj", "{F4C52CF7-C2E1-4C07-BBA7-A4A1591BE15C}"
EndProject
Project("{2150E333-8FDC-42A3-9474-1A3956D46DE8}") = "Order", "Order", "{5DFF81BE-3637-44A8-A15F-7E852196F3CF}"
EndProject
Project("{2150E333-8FDC-42A3-9474-1A3956D46DE8}") = "Core", "Core", "{E4D8EB62-B707-48FE-A1AE-D3F9E0A67B1F}"
EndProject
Project("{2150E333-8FDC-42A3-9474-1A3956D46DE8}") = "Infrastructure", "Infrastructure", "{0F5F5690-492E-46A6-876B-C0E7CE585409}"
EndProject
Project("{2150E333-8FDC-42A3-9474-1A3956D46DE8}") = "Presentation", "Presentation", "{F07D2B33-4564-4D1D-86CC-EF8CC1D10B42}"
EndProject
Project("{9A19103F-16F7-4668-BE54-9A1E7A4F7556}") = "MultiShop.Order.Domain", "Services\Order\Core\MultiShop.Order.Domain\MultiShop.Order.Domain.csproj", "{CE22C5CD-CC4C-4169-AA91-B1ADBDE64374}"
EndProject
Project("{9A19103F-16F7-4668-BE54-9A1E7A4F7556}") = "MultiShop.Order.Application", "Services\Order\Core\MultiShop.Order.Application\MultiShop.Order.Application.csproj", "{902AC1F0-D047-45BB-8AAA-70BB846C3B40}"
EndProject
Project("{9A19103F-16F7-4668-BE54-9A1E7A4F7556}") = "MultiShop.Order.WebApi", "Services\Order\Presentation\MultiShop.Order.WebApi\MultiShop.Order.WebApi.csproj", "{187A4B24-97B3-4041-8120-230265D332D3}"
EndProject
Project("{9A19103F-16F7-4668-BE54-9A1E7A4F7556}") = "MultiShop.Order.Persistance", "Services\Order\Infrastucture\MultiShop.Order.Persistance\MultiShop.Order.Persistance.csproj", "{5D8DD480-9572-4B4E-A4D2-BBCAF5DACD11}"
EndProject
Project("{2150E333-8FDC-42A3-9474-1A3956D46DE8}") = "IdentityServer", "IdentityServer", "{D6EBC479-8F51-41FB-AEB1-284207BCAEC6}"
EndProject
Project("{9A19103F-16F7-4668-BE54-9A1E7A4F7556}") = "MultiShop.IdentityServer", "IdentityServer\MultiShop.IdentityServer\MultiShop.IdentityServer.csproj", "{AE0C2C96-7E06-443E-AF56-5EC3997ADAE8}"
EndProject
Project("{2150E333-8FDC-42A3-9474-1A3956D46DE8}") = "Requirements", "Requirements", "{DFBC8D6A-6576-474B-ADEA-B1014DA91B0F}"
	ProjectSection(SolutionItems) = preProject
		IdentityServerVersionErrorSolution.txt = IdentityServerVersionErrorSolution.txt
		PortainerCmd.txt = PortainerCmd.txt
		PortNumbers.txt = PortNumbers.txt
	EndProjectSection
EndProject
Project("{2150E333-8FDC-42A3-9474-1A3956D46DE8}") = "Cargo", "Cargo", "{A2794A1A-E95D-402C-83FC-2D2E72A4D1CB}"
EndProject
Project("{9A19103F-16F7-4668-BE54-9A1E7A4F7556}") = "MultiShop.Cargo.BusinessLayer", "Services\Cargo\MultiShop.Cargo.BusinessLayer\MultiShop.Cargo.BusinessLayer.csproj", "{D7AF3748-A31A-4C03-8B65-3BFC0F1BF24E}"
EndProject
Project("{9A19103F-16F7-4668-BE54-9A1E7A4F7556}") = "MultiShop.Cargo.DtoLayer", "Services\Cargo\MultiShop.Cargo.DtoLayer\MultiShop.Cargo.DtoLayer.csproj", "{51C0F111-1A53-42E5-886E-ADFAB0C362C3}"
EndProject
Project("{9A19103F-16F7-4668-BE54-9A1E7A4F7556}") = "MultiShop.Cargo.EntityLayer", "Services\Cargo\MultiShop.Cargo.EntityLayer\MultiShop.Cargo.EntityLayer.csproj", "{5177A894-C27F-4C69-AA4B-5DB76DFC1CC1}"
EndProject
Project("{9A19103F-16F7-4668-BE54-9A1E7A4F7556}") = "MultiShop.Cargo.DataAccessLayer", "Services\Cargo\MultiShop.Cargo.DataAccessLayer\MultiShop.Cargo.DataAccessLayer.csproj", "{AD4A8957-4614-41E3-BD53-3F0CD1CCE4FD}"
EndProject
Project("{9A19103F-16F7-4668-BE54-9A1E7A4F7556}") = "MultiShop.Cargo.WebApi", "Services\Cargo\MultiShop.Cargo.WebApi\MultiShop.Cargo.WebApi.csproj", "{4FE66663-7C15-413B-BA8C-EB84E6B30DAE}"
EndProject
Project("{2150E333-8FDC-42A3-9474-1A3956D46DE8}") = "Basket", "Basket", "{8DE87C18-BDF5-4A8A-B160-4CB76278B0AB}"
EndProject
Global
	GlobalSection(SolutionConfigurationPlatforms) = preSolution
		Debug|Any CPU = Debug|Any CPU
		Release|Any CPU = Release|Any CPU
	EndGlobalSection
	GlobalSection(ProjectConfigurationPlatforms) = postSolution
		{74B1E141-E23E-43D9-B2ED-52D0CD16CCC0}.Debug|Any CPU.ActiveCfg = Debug|Any CPU
		{74B1E141-E23E-43D9-B2ED-52D0CD16CCC0}.Debug|Any CPU.Build.0 = Debug|Any CPU
		{74B1E141-E23E-43D9-B2ED-52D0CD16CCC0}.Release|Any CPU.ActiveCfg = Release|Any CPU
		{74B1E141-E23E-43D9-B2ED-52D0CD16CCC0}.Release|Any CPU.Build.0 = Release|Any CPU
		{F4C52CF7-C2E1-4C07-BBA7-A4A1591BE15C}.Debug|Any CPU.ActiveCfg = Debug|Any CPU
		{F4C52CF7-C2E1-4C07-BBA7-A4A1591BE15C}.Debug|Any CPU.Build.0 = Debug|Any CPU
		{F4C52CF7-C2E1-4C07-BBA7-A4A1591BE15C}.Release|Any CPU.ActiveCfg = Release|Any CPU
		{F4C52CF7-C2E1-4C07-BBA7-A4A1591BE15C}.Release|Any CPU.Build.0 = Release|Any CPU
		{CE22C5CD-CC4C-4169-AA91-B1ADBDE64374}.Debug|Any CPU.ActiveCfg = Debug|Any CPU
		{CE22C5CD-CC4C-4169-AA91-B1ADBDE64374}.Debug|Any CPU.Build.0 = Debug|Any CPU
		{CE22C5CD-CC4C-4169-AA91-B1ADBDE64374}.Release|Any CPU.ActiveCfg = Release|Any CPU
		{CE22C5CD-CC4C-4169-AA91-B1ADBDE64374}.Release|Any CPU.Build.0 = Release|Any CPU
		{902AC1F0-D047-45BB-8AAA-70BB846C3B40}.Debug|Any CPU.ActiveCfg = Debug|Any CPU
		{902AC1F0-D047-45BB-8AAA-70BB846C3B40}.Debug|Any CPU.Build.0 = Debug|Any CPU
		{902AC1F0-D047-45BB-8AAA-70BB846C3B40}.Release|Any CPU.ActiveCfg = Release|Any CPU
		{902AC1F0-D047-45BB-8AAA-70BB846C3B40}.Release|Any CPU.Build.0 = Release|Any CPU
		{187A4B24-97B3-4041-8120-230265D332D3}.Debug|Any CPU.ActiveCfg = Debug|Any CPU
		{187A4B24-97B3-4041-8120-230265D332D3}.Debug|Any CPU.Build.0 = Debug|Any CPU
		{187A4B24-97B3-4041-8120-230265D332D3}.Release|Any CPU.ActiveCfg = Release|Any CPU
		{187A4B24-97B3-4041-8120-230265D332D3}.Release|Any CPU.Build.0 = Release|Any CPU
		{5D8DD480-9572-4B4E-A4D2-BBCAF5DACD11}.Debug|Any CPU.ActiveCfg = Debug|Any CPU
		{5D8DD480-9572-4B4E-A4D2-BBCAF5DACD11}.Debug|Any CPU.Build.0 = Debug|Any CPU
		{5D8DD480-9572-4B4E-A4D2-BBCAF5DACD11}.Release|Any CPU.ActiveCfg = Release|Any CPU
		{5D8DD480-9572-4B4E-A4D2-BBCAF5DACD11}.Release|Any CPU.Build.0 = Release|Any CPU
		{AE0C2C96-7E06-443E-AF56-5EC3997ADAE8}.Debug|Any CPU.ActiveCfg = Debug|Any CPU
		{AE0C2C96-7E06-443E-AF56-5EC3997ADAE8}.Debug|Any CPU.Build.0 = Debug|Any CPU
		{AE0C2C96-7E06-443E-AF56-5EC3997ADAE8}.Release|Any CPU.ActiveCfg = Release|Any CPU
		{AE0C2C96-7E06-443E-AF56-5EC3997ADAE8}.Release|Any CPU.Build.0 = Release|Any CPU
		{D7AF3748-A31A-4C03-8B65-3BFC0F1BF24E}.Debug|Any CPU.ActiveCfg = Debug|Any CPU
		{D7AF3748-A31A-4C03-8B65-3BFC0F1BF24E}.Debug|Any CPU.Build.0 = Debug|Any CPU
		{D7AF3748-A31A-4C03-8B65-3BFC0F1BF24E}.Release|Any CPU.ActiveCfg = Release|Any CPU
		{D7AF3748-A31A-4C03-8B65-3BFC0F1BF24E}.Release|Any CPU.Build.0 = Release|Any CPU
		{51C0F111-1A53-42E5-886E-ADFAB0C362C3}.Debug|Any CPU.ActiveCfg = Debug|Any CPU
		{51C0F111-1A53-42E5-886E-ADFAB0C362C3}.Debug|Any CPU.Build.0 = Debug|Any CPU
		{51C0F111-1A53-42E5-886E-ADFAB0C362C3}.Release|Any CPU.ActiveCfg = Release|Any CPU
		{51C0F111-1A53-42E5-886E-ADFAB0C362C3}.Release|Any CPU.Build.0 = Release|Any CPU
		{5177A894-C27F-4C69-AA4B-5DB76DFC1CC1}.Debug|Any CPU.ActiveCfg = Debug|Any CPU
		{5177A894-C27F-4C69-AA4B-5DB76DFC1CC1}.Debug|Any CPU.Build.0 = Debug|Any CPU
		{5177A894-C27F-4C69-AA4B-5DB76DFC1CC1}.Release|Any CPU.ActiveCfg = Release|Any CPU
		{5177A894-C27F-4C69-AA4B-5DB76DFC1CC1}.Release|Any CPU.Build.0 = Release|Any CPU
		{AD4A8957-4614-41E3-BD53-3F0CD1CCE4FD}.Debug|Any CPU.ActiveCfg = Debug|Any CPU
		{AD4A8957-4614-41E3-BD53-3F0CD1CCE4FD}.Debug|Any CPU.Build.0 = Debug|Any CPU
		{AD4A8957-4614-41E3-BD53-3F0CD1CCE4FD}.Release|Any CPU.ActiveCfg = Release|Any CPU
		{AD4A8957-4614-41E3-BD53-3F0CD1CCE4FD}.Release|Any CPU.Build.0 = Release|Any CPU
		{4FE66663-7C15-413B-BA8C-EB84E6B30DAE}.Debug|Any CPU.ActiveCfg = Debug|Any CPU
		{4FE66663-7C15-413B-BA8C-EB84E6B30DAE}.Debug|Any CPU.Build.0 = Debug|Any CPU
		{4FE66663-7C15-413B-BA8C-EB84E6B30DAE}.Release|Any CPU.ActiveCfg = Release|Any CPU
		{4FE66663-7C15-413B-BA8C-EB84E6B30DAE}.Release|Any CPU.Build.0 = Release|Any CPU
	EndGlobalSection
	GlobalSection(SolutionProperties) = preSolution
		HideSolutionNode = FALSE
	EndGlobalSection
	GlobalSection(NestedProjects) = preSolution
		{1C07E1B8-55D7-4B57-A482-45135D510A2D} = {CC189B92-89D7-46D0-BFB9-6CE551A4C9FD}
		{74B1E141-E23E-43D9-B2ED-52D0CD16CCC0} = {1C07E1B8-55D7-4B57-A482-45135D510A2D}
		{E8AE62D4-B305-4AE0-B7EA-ECCC50FA8B79} = {CC189B92-89D7-46D0-BFB9-6CE551A4C9FD}
		{F4C52CF7-C2E1-4C07-BBA7-A4A1591BE15C} = {E8AE62D4-B305-4AE0-B7EA-ECCC50FA8B79}
		{5DFF81BE-3637-44A8-A15F-7E852196F3CF} = {CC189B92-89D7-46D0-BFB9-6CE551A4C9FD}
		{E4D8EB62-B707-48FE-A1AE-D3F9E0A67B1F} = {5DFF81BE-3637-44A8-A15F-7E852196F3CF}
		{0F5F5690-492E-46A6-876B-C0E7CE585409} = {5DFF81BE-3637-44A8-A15F-7E852196F3CF}
		{F07D2B33-4564-4D1D-86CC-EF8CC1D10B42} = {5DFF81BE-3637-44A8-A15F-7E852196F3CF}
		{CE22C5CD-CC4C-4169-AA91-B1ADBDE64374} = {E4D8EB62-B707-48FE-A1AE-D3F9E0A67B1F}
		{902AC1F0-D047-45BB-8AAA-70BB846C3B40} = {E4D8EB62-B707-48FE-A1AE-D3F9E0A67B1F}
		{187A4B24-97B3-4041-8120-230265D332D3} = {F07D2B33-4564-4D1D-86CC-EF8CC1D10B42}
		{5D8DD480-9572-4B4E-A4D2-BBCAF5DACD11} = {0F5F5690-492E-46A6-876B-C0E7CE585409}
		{AE0C2C96-7E06-443E-AF56-5EC3997ADAE8} = {D6EBC479-8F51-41FB-AEB1-284207BCAEC6}
		{A2794A1A-E95D-402C-83FC-2D2E72A4D1CB} = {CC189B92-89D7-46D0-BFB9-6CE551A4C9FD}
		{D7AF3748-A31A-4C03-8B65-3BFC0F1BF24E} = {A2794A1A-E95D-402C-83FC-2D2E72A4D1CB}
		{51C0F111-1A53-42E5-886E-ADFAB0C362C3} = {A2794A1A-E95D-402C-83FC-2D2E72A4D1CB}
		{5177A894-C27F-4C69-AA4B-5DB76DFC1CC1} = {A2794A1A-E95D-402C-83FC-2D2E72A4D1CB}
		{AD4A8957-4614-41E3-BD53-3F0CD1CCE4FD} = {A2794A1A-E95D-402C-83FC-2D2E72A4D1CB}
		{4FE66663-7C15-413B-BA8C-EB84E6B30DAE} = {A2794A1A-E95D-402C-83FC-2D2E72A4D1CB}
		{8DE87C18-BDF5-4A8A-B160-4CB76278B0AB} = {CC189B92-89D7-46D0-BFB9-6CE551A4C9FD}
	EndGlobalSection
	GlobalSection(ExtensibilityGlobals) = postSolution
		SolutionGuid = {0859360E-C7B5-4AAD-98FF-4A6D5CAAA26B}
	EndGlobalSection
EndGlobal
